
Microsoft Visual Studio Solution File, Format Version 12.00
# Visual Studio Version 16
VisualStudioVersion = 16.0.29009.5
MinimumVisualStudioVersion = 10.0.40219.1
Project("{FAE04EC0-301F-11D3-BF4B-00C04F79EFBC}") = "Flow", "Flow\Flow.csproj", "{DF83E493-450C-4982-A05B-AB2F96693349}"
EndProject
Project("{FAE04EC0-301F-11D3-BF4B-00C04F79EFBC}") = "OAFlow", "OAFlow\OAFlow.csproj", "{DB9B1A51-A633-477D-B016-9F4B7AD83AF6}"
EndProject
Global
	GlobalSection(SolutionConfigurationPlatforms) = preSolution
		Debug|Any CPU = Debug|Any CPU
		Release|Any CPU = Release|Any CPU
	EndGlobalSection
	GlobalSection(ProjectConfigurationPlatforms) = postSolution
		{DF83E493-450C-4982-A05B-AB2F96693349}.Debug|Any CPU.ActiveCfg = Debug|Any CPU
		{DF83E493-450C-4982-A05B-AB2F96693349}.Debug|Any CPU.Build.0 = Debug|Any CPU
		{DF83E493-450C-4982-A05B-AB2F96693349}.Release|Any CPU.ActiveCfg = Release|Any CPU
		{DF83E493-450C-4982-A05B-AB2F96693349}.Release|Any CPU.Build.0 = Release|Any CPU
		{DB9B1A51-A633-477D-B016-9F4B7AD83AF6}.Debug|Any CPU.ActiveCfg = Debug|Any CPU
		{DB9B1A51-A633-477D-B016-9F4B7AD83AF6}.Debug|Any CPU.Build.0 = Debug|Any CPU
		{DB9B1A51-A633-477D-B016-9F4B7AD83AF6}.Release|Any CPU.ActiveCfg = Release|Any CPU
		{DB9B1A51-A633-477D-B016-9F4B7AD83AF6}.Release|Any CPU.Build.0 = Release|Any CPU
	EndGlobalSection
	GlobalSection(SolutionProperties) = preSolution
		HideSolutionNode = FALSE
	EndGlobalSection
	GlobalSection(ExtensibilityGlobals) = postSolution
		SolutionGuid = {FDEE8B36-8599-4C42-838B-7E4C2105953D}
	EndGlobalSection
EndGlobal
